
Microsoft Visual Studio Solution File, Format Version 12.00
# Visual Studio Version 17
VisualStudioVersion = 17.8.34511.84
MinimumVisualStudioVersion = 10.0.40219.1
Project("{FAE04EC0-301F-11D3-BF4B-00C04F79EFBC}") = "ATV2--3_CJ3022251", "ATV2--3_CJ3022251\ATV2--3_CJ3022251.csproj", "{33501B20-8250-4732-B3C7-FE5B4E14CA5A}"
EndProject
Global
	GlobalSection(SolutionConfigurationPlatforms) = preSolution
		Debug|Any CPU = Debug|Any CPU
		Release|Any CPU = Release|Any CPU
	EndGlobalSection
	GlobalSection(ProjectConfigurationPlatforms) = postSolution
		{33501B20-8250-4732-B3C7-FE5B4E14CA5A}.Debug|Any CPU.ActiveCfg = Debug|Any CPU
		{33501B20-8250-4732-B3C7-FE5B4E14CA5A}.Debug|Any CPU.Build.0 = Debug|Any CPU
		{33501B20-8250-4732-B3C7-FE5B4E14CA5A}.Release|Any CPU.ActiveCfg = Release|Any CPU
		{33501B20-8250-4732-B3C7-FE5B4E14CA5A}.Release|Any CPU.Build.0 = Release|Any CPU
	EndGlobalSection
	GlobalSection(SolutionProperties) = preSolution
		HideSolutionNode = FALSE
	EndGlobalSection
	GlobalSection(ExtensibilityGlobals) = postSolution
		SolutionGuid = {367C6FE2-559C-47B8-9A37-19CBBD1B0F5B}
	EndGlobalSection
EndGlobal
